
Microsoft Visual Studio Solution File, Format Version 12.00
# Visual Studio Version 16
VisualStudioVersion = 16.0.29102.190
MinimumVisualStudioVersion = 10.0.40219.1
Project("{FAE04EC0-301F-11D3-BF4B-00C04F79EFBC}") = "MarinaLakeLab2", "MarinaLakeLab2.csproj", "{F55797F4-2685-4074-873C-DC39ACDFD871}"
EndProject
Global
	GlobalSection(SolutionConfigurationPlatforms) = preSolution
		Debug|Any CPU = Debug|Any CPU
		Release|Any CPU = Release|Any CPU
	EndGlobalSection
	GlobalSection(ProjectConfigurationPlatforms) = postSolution
		{F55797F4-2685-4074-873C-DC39ACDFD871}.Debug|Any CPU.ActiveCfg = Debug|Any CPU
		{F55797F4-2685-4074-873C-DC39ACDFD871}.Debug|Any CPU.Build.0 = Debug|Any CPU
		{F55797F4-2685-4074-873C-DC39ACDFD871}.Release|Any CPU.ActiveCfg = Release|Any CPU
		{F55797F4-2685-4074-873C-DC39ACDFD871}.Release|Any CPU.Build.0 = Release|Any CPU
	EndGlobalSection
	GlobalSection(SolutionProperties) = preSolution
		HideSolutionNode = FALSE
	EndGlobalSection
	GlobalSection(ExtensibilityGlobals) = postSolution
		SolutionGuid = {155AC9BC-3FFF-45B5-AAEB-E68A1B949168}
	EndGlobalSection
EndGlobal
